
Microsoft Visual Studio Solution File, Format Version 12.00
# Visual Studio 15
VisualStudioVersion = 15.0.26228.4
MinimumVisualStudioVersion = 10.0.40219.1
Project("{FAE04EC0-301F-11D3-BF4B-00C04F79EFBC}") = "ImportKeySchedule", "ImportKeySchedule\ImportKeySchedule.csproj", "{93768C10-F819-40B7-BD80-030EF355862F}"
EndProject
Project("{54435603-DBB4-11D2-8724-00A0C9A8B90C}") = "Setup", "Setup\Setup.vdproj", "{1499D38C-E17C-4803-9642-5060504BD671}"
EndProject
Project("{FAE04EC0-301F-11D3-BF4B-00C04F79EFBC}") = "Installer", "Installer\Installer.csproj", "{BCF86F7C-56E4-478A-A45D-37F1E518C126}"
EndProject
Global
	GlobalSection(SolutionConfigurationPlatforms) = preSolution
		Debug|Any CPU = Debug|Any CPU
		Debug|x64 = Debug|x64
		Debug|x86 = Debug|x86
		Release|Any CPU = Release|Any CPU
		Release|x64 = Release|x64
		Release|x86 = Release|x86
	EndGlobalSection
	GlobalSection(ProjectConfigurationPlatforms) = postSolution
		{93768C10-F819-40B7-BD80-030EF355862F}.Debug|Any CPU.ActiveCfg = Debug|Any CPU
		{93768C10-F819-40B7-BD80-030EF355862F}.Debug|Any CPU.Build.0 = Debug|Any CPU
		{93768C10-F819-40B7-BD80-030EF355862F}.Debug|x64.ActiveCfg = Debug|Any CPU
		{93768C10-F819-40B7-BD80-030EF355862F}.Debug|x64.Build.0 = Debug|Any CPU
		{93768C10-F819-40B7-BD80-030EF355862F}.Debug|x86.ActiveCfg = Debug|Any CPU
		{93768C10-F819-40B7-BD80-030EF355862F}.Debug|x86.Build.0 = Debug|Any CPU
		{93768C10-F819-40B7-BD80-030EF355862F}.Release|Any CPU.ActiveCfg = Release|Any CPU
		{93768C10-F819-40B7-BD80-030EF355862F}.Release|Any CPU.Build.0 = Release|Any CPU
		{93768C10-F819-40B7-BD80-030EF355862F}.Release|x64.ActiveCfg = Release|Any CPU
		{93768C10-F819-40B7-BD80-030EF355862F}.Release|x64.Build.0 = Release|Any CPU
		{93768C10-F819-40B7-BD80-030EF355862F}.Release|x86.ActiveCfg = Release|Any CPU
		{93768C10-F819-40B7-BD80-030EF355862F}.Release|x86.Build.0 = Release|Any CPU
		{1499D38C-E17C-4803-9642-5060504BD671}.Debug|Any CPU.ActiveCfg = Debug
		{1499D38C-E17C-4803-9642-5060504BD671}.Debug|x64.ActiveCfg = Debug
		{1499D38C-E17C-4803-9642-5060504BD671}.Debug|x86.ActiveCfg = Debug
		{1499D38C-E17C-4803-9642-5060504BD671}.Release|Any CPU.ActiveCfg = Release
		{1499D38C-E17C-4803-9642-5060504BD671}.Release|x64.ActiveCfg = Release
		{1499D38C-E17C-4803-9642-5060504BD671}.Release|x86.ActiveCfg = Release
		{BCF86F7C-56E4-478A-A45D-37F1E518C126}.Debug|Any CPU.ActiveCfg = Debug|Any CPU
		{BCF86F7C-56E4-478A-A45D-37F1E518C126}.Debug|Any CPU.Build.0 = Debug|Any CPU
		{BCF86F7C-56E4-478A-A45D-37F1E518C126}.Debug|x64.ActiveCfg = Debug|Any CPU
		{BCF86F7C-56E4-478A-A45D-37F1E518C126}.Debug|x64.Build.0 = Debug|Any CPU
		{BCF86F7C-56E4-478A-A45D-37F1E518C126}.Debug|x86.ActiveCfg = Debug|Any CPU
		{BCF86F7C-56E4-478A-A45D-37F1E518C126}.Debug|x86.Build.0 = Debug|Any CPU
		{BCF86F7C-56E4-478A-A45D-37F1E518C126}.Release|Any CPU.ActiveCfg = Release|Any CPU
		{BCF86F7C-56E4-478A-A45D-37F1E518C126}.Release|Any CPU.Build.0 = Release|Any CPU
		{BCF86F7C-56E4-478A-A45D-37F1E518C126}.Release|x64.ActiveCfg = Release|Any CPU
		{BCF86F7C-56E4-478A-A45D-37F1E518C126}.Release|x64.Build.0 = Release|Any CPU
		{BCF86F7C-56E4-478A-A45D-37F1E518C126}.Release|x86.ActiveCfg = Release|Any CPU
		{BCF86F7C-56E4-478A-A45D-37F1E518C126}.Release|x86.Build.0 = Release|Any CPU
	EndGlobalSection
	GlobalSection(SolutionProperties) = preSolution
		HideSolutionNode = FALSE
	EndGlobalSection
	GlobalSection(ExtensibilityGlobals) = postSolution
		SolutionGuid = {DD6EAF7E-E287-4A07-A8A5-182F2B0B56D4}
	EndGlobalSection
EndGlobal
